{
  "requires": true,
  "lockfileVersion": 1,
  "dependencies": {
    "vue-select": {
      "version": "3.10.3",
      "resolved": "https://registry.npmjs.org/vue-select/-/vue-select-3.10.3.tgz",
      "integrity": "sha512-SgLmiSwnJwT2erxjq42AA1iTzu1uqhA5MPuF4UDtGot5YSgJLKy71H0LO0hHaBpIjb7d/nJHiufYKcrSakaupw=="
    }
  }
}
